
Microsoft Visual Studio Solution File, Format Version 12.00
# Visual Studio Version 17
VisualStudioVersion = 17.9.34728.123
MinimumVisualStudioVersion = 10.0.40219.1
Project("{FAE04EC0-301F-11D3-BF4B-00C04F79EFBC}") = "exxm", "exxm.csproj", "{950D878F-14BB-4F6C-A936-D0800BEB7B12}"
EndProject
Global
	GlobalSection(SolutionConfigurationPlatforms) = preSolution
		Debug|Any CPU = Debug|Any CPU
		Release|Any CPU = Release|Any CPU
	EndGlobalSection
	GlobalSection(ProjectConfigurationPlatforms) = postSolution
		{950D878F-14BB-4F6C-A936-D0800BEB7B12}.Debug|Any CPU.ActiveCfg = Debug|Any CPU
		{950D878F-14BB-4F6C-A936-D0800BEB7B12}.Debug|Any CPU.Build.0 = Debug|Any CPU
		{950D878F-14BB-4F6C-A936-D0800BEB7B12}.Release|Any CPU.ActiveCfg = Release|Any CPU
		{950D878F-14BB-4F6C-A936-D0800BEB7B12}.Release|Any CPU.Build.0 = Release|Any CPU
	EndGlobalSection
	GlobalSection(SolutionProperties) = preSolution
		HideSolutionNode = FALSE
	EndGlobalSection
	GlobalSection(ExtensibilityGlobals) = postSolution
		SolutionGuid = {C122A3F8-B8D3-4DCF-B50D-9178B0D1CC91}
	EndGlobalSection
EndGlobal
